PODS:
  - BigInt (3.1.0):
    - SipHash (~> 1.2)
  - CryptoSwift (0.13.0)
  - EthereumABI (1.0.1):
    - BigInt (~> 3.1)
    - CryptoSwift (~> 0.13)
    - EthereumAddress (~> 1.0.0)
  - EthereumAddress (1.0.0):
    - CryptoSwift (~> 0.13)
  - PlasmaSwiftLib (1.0.5):
    - BigInt
    - CryptoSwift
    - EthereumABI
    - EthereumAddress
    - secp256k1_swift
    - SipHash
    - SwiftRLP
  - secp256k1_swift (1.0.3)
  - SipHash (1.2.2)
  - SwiftRLP (1.1):
    - BigInt (~> 3.1)

DEPENDENCIES:
  - PlasmaSwiftLib (~> 1.0.5)

SPEC REPOS:
  https://github.com/cocoapods/specs.git:
    - BigInt
    - CryptoSwift
    - EthereumABI
    - EthereumAddress
    - PlasmaSwiftLib
    - secp256k1_swift
    - SipHash
    - SwiftRLP

SPEC CHECKSUMS:
  BigInt: 76b5dfdfa3e2e478d4ffdf161aeede5502e2742f
  CryptoSwift: 16e78bebf567bad1c87b2d58f6547f25b74c31aa
  EthereumABI: 028d8b8b525e739d3ed3ef192ee559a288f6bcaa
  EthereumAddress: f476e1320dca3a0024431e713ede7a09c7eb7796
  PlasmaSwiftLib: 1ecd02220978184d0f343c3bd8bc3e734d64f7da
  secp256k1_swift: 4fc5c4b2d2c6d21ee8ccb868cdc92da12f38bed9
  SipHash: fad90a4683e420c52ef28063063dbbce248ea6d4
  SwiftRLP: 5512899925f1a9e1c78c902ed3bf857880e814a0

PODFILE CHECKSUM: b554dfa9290ff6344eb787f8394003989a44bc20

COCOAPODS: 1.6.0.beta.1
